
Microsoft Visual Studio Solution File, Format Version 12.00
# Visual Studio Version 16
VisualStudioVersion = 16.0.30804.86
MinimumVisualStudioVersion = 10.0.40219.1
Project("{FAE04EC0-301F-11D3-BF4B-00C04F79EFBC}") = "ADO_NET_Exam_BookStore", "ADO_NET_Exam_BookStore\ADO_NET_Exam_BookStore.csproj", "{03FA4E35-9EFE-40BB-80A0-029FE2FB5877}"
EndProject
Global
	GlobalSection(SolutionConfigurationPlatforms) = preSolution
		Debug|Any CPU = Debug|Any CPU
		Release|Any CPU = Release|Any CPU
	EndGlobalSection
	GlobalSection(ProjectConfigurationPlatforms) = postSolution
		{03FA4E35-9EFE-40BB-80A0-029FE2FB5877}.Debug|Any CPU.ActiveCfg = Debug|Any CPU
		{03FA4E35-9EFE-40BB-80A0-029FE2FB5877}.Debug|Any CPU.Build.0 = Debug|Any CPU
		{03FA4E35-9EFE-40BB-80A0-029FE2FB5877}.Release|Any CPU.ActiveCfg = Release|Any CPU
		{03FA4E35-9EFE-40BB-80A0-029FE2FB5877}.Release|Any CPU.Build.0 = Release|Any CPU
	EndGlobalSection
	GlobalSection(SolutionProperties) = preSolution
		HideSolutionNode = FALSE
	EndGlobalSection
	GlobalSection(ExtensibilityGlobals) = postSolution
		SolutionGuid = {B15EBC74-A06B-4CC6-8F58-170722DF2D92}
	EndGlobalSection
EndGlobal
